
Microsoft Visual Studio Solution File, Format Version 12.00
# Visual Studio Version 17
VisualStudioVersion = 17.4.33110.190
MinimumVisualStudioVersion = 10.0.40219.1
Project("{9A19103F-16F7-4668-BE54-9A1E7A4F7556}") = "Gsof", "Gsof\Gsof.csproj", "{70EF8CAA-EF8E-41D8-AD80-AA28A2595657}"
EndProject
Project("{9A19103F-16F7-4668-BE54-9A1E7A4F7556}") = "Gsof.Windows", "Gsof.Windows\Gsof.Windows.csproj", "{2322B47D-7F85-40C1-B51D-5BE4C8ECEF7A}"
EndProject
Project("{9A19103F-16F7-4668-BE54-9A1E7A4F7556}") = "Gsof.Test", "Gsof.Test\Gsof.Test.csproj", "{5FF5CA39-55B3-400F-BEFD-69522ED7A0A3}"
EndProject
Global
	GlobalSection(SolutionConfigurationPlatforms) = preSolution
		Debug|Any CPU = Debug|Any CPU
		Release|Any CPU = Release|Any CPU
	EndGlobalSection
	GlobalSection(ProjectConfigurationPlatforms) = postSolution
		{70EF8CAA-EF8E-41D8-AD80-AA28A2595657}.Debug|Any CPU.ActiveCfg = Debug|Any CPU
		{70EF8CAA-EF8E-41D8-AD80-AA28A2595657}.Debug|Any CPU.Build.0 = Debug|Any CPU
		{70EF8CAA-EF8E-41D8-AD80-AA28A2595657}.Release|Any CPU.ActiveCfg = Release|Any CPU
		{70EF8CAA-EF8E-41D8-AD80-AA28A2595657}.Release|Any CPU.Build.0 = Release|Any CPU
		{2322B47D-7F85-40C1-B51D-5BE4C8ECEF7A}.Debug|Any CPU.ActiveCfg = Debug|Any CPU
		{2322B47D-7F85-40C1-B51D-5BE4C8ECEF7A}.Debug|Any CPU.Build.0 = Debug|Any CPU
		{2322B47D-7F85-40C1-B51D-5BE4C8ECEF7A}.Release|Any CPU.ActiveCfg = Release|Any CPU
		{2322B47D-7F85-40C1-B51D-5BE4C8ECEF7A}.Release|Any CPU.Build.0 = Release|Any CPU
		{5FF5CA39-55B3-400F-BEFD-69522ED7A0A3}.Debug|Any CPU.ActiveCfg = Debug|Any CPU
		{5FF5CA39-55B3-400F-BEFD-69522ED7A0A3}.Debug|Any CPU.Build.0 = Debug|Any CPU
		{5FF5CA39-55B3-400F-BEFD-69522ED7A0A3}.Release|Any CPU.ActiveCfg = Release|Any CPU
		{5FF5CA39-55B3-400F-BEFD-69522ED7A0A3}.Release|Any CPU.Build.0 = Release|Any CPU
	EndGlobalSection
	GlobalSection(SolutionProperties) = preSolution
		HideSolutionNode = FALSE
	EndGlobalSection
	GlobalSection(ExtensibilityGlobals) = postSolution
		SolutionGuid = {A3BFD0DE-DB77-492F-B6F4-EEBB64044F1D}
	EndGlobalSection
EndGlobal
